// !$*UTF8*$!
{
	archiveVersion = 1;
	classes = {
	};
	objectVersion = 46;
	objects = {

/* Begin PBXBuildFile section */
		3A0979FF1E734836915E4D47 /* libPods.a in Frameworks */ = {isa = PBXBuildFile; fileRef = BA26EA46F0614CE882527F37 /* libPods.a */; };
		DF62EF8B19D1BD5700DC055B /* SettingsNavigationController.m in Sources */ = {isa = PBXBuildFile; fileRef = DF62EF8A19D1BD5700DC055B /* SettingsNavigationController.m */; };
		DFB5A00519D1A69200522318 /* main.m in Sources */ = {isa = PBXBuildFile; fileRef = DFB5A00419D1A69200522318 /* main.m */; };
		DFB5A00819D1A69200522318 /* AppDelegate.m in Sources */ = {isa = PBXBuildFile; fileRef = DFB5A00719D1A69200522318 /* AppDelegate.m */; };
		DFB5A01119D1A69200522318 /* Main.storyboard in Resources */ = {isa = PBXBuildFile; fileRef = DFB5A00F19D1A69200522318 /* Main.storyboard */; };
		DFB5A01319D1A69200522318 /* Images.xcassets in Resources */ = {isa = PBXBuildFile; fileRef = DFB5A01219D1A69200522318 /* Images.xcassets */; };
		DFB5A01619D1A69200522318 /* LaunchScreen.xib in Resources */ = {isa = PBXBuildFile; fileRef = DFB5A01419D1A69200522318 /* LaunchScreen.xib */; };
		DFB5A02219D1A69200522318 /* JvWanBanTests.m in Sources */ = {isa = PBXBuildFile; fileRef = DFB5A02119D1A69200522318 /* JvWanBanTests.m */; };
		DFB5A02F19D1B51000522318 /* SettingsViewController.m in Sources */ = {isa = PBXBuildFile; fileRef = DFB5A02E19D1B51000522318 /* SettingsViewController.m */; };
/* End PBXBuildFile section */

/* Begin PBXContainerItemProxy section */
		DFB5A01C19D1A69200522318 /* PBXContainerItemProxy */ = {
			isa = PBXContainerItemProxy;
			containerPortal = DFB59FF719D1A69200522318 /* Project object */;
			proxyType = 1;
			remoteGlobalIDString = DFB59FFE19D1A69200522318;
			remoteInfo = JvWanBan;
		};
/* End PBXContainerItemProxy section */

/* Begin PBXFileReference section */
		BA26EA46F0614CE882527F37 /* libPods.a */ = {isa = PBXFileReference; explicitFileType = archive.ar; includeInIndex = 0; path = libPods.a; sourceTree = BUILT_PRODUCTS_DIR; };
		C09018B231714C7E8A28FFE2 /* Pods.xcconfig */ = {isa = PBXFileReference; includeInIndex = 1; lastKnownFileType = text.xcconfig; name = Pods.xcconfig; path = Pods/Pods.xcconfig; sourceTree = "<group>"; };
		DF62EF8919D1BD5700DC055B /* SettingsNavigationController.h */ = {isa = PBXFileReference; fileEncoding = 4; lastKnownFileType = sourcecode.c.h; path = SettingsNavigationController.h; sourceTree = "<group>"; };
		DF62EF8A19D1BD5700DC055B /* SettingsNavigationController.m */ = {isa = PBXFileReference; fileEncoding = 4; lastKnownFileType = sourcecode.c.objc; path = SettingsNavigationController.m; sourceTree = "<group>"; };
		DFB59FFF19D1A69200522318 /* JvWanBan.app */ = {isa = PBXFileReference; explicitFileType = wrapper.application; includeInIndex = 0; path = JvWanBan.app; sourceTree = BUILT_PRODUCTS_DIR; };
		DFB5A00319D1A69200522318 /* Info.plist */ = {isa = PBXFileReference; lastKnownFileType = text.plist.xml; path = Info.plist; sourceTree = "<group>"; };
		DFB5A00419D1A69200522318 /* main.m */ = {isa = PBXFileReference; lastKnownFileType = sourcecode.c.objc; path = main.m; sourceTree = "<group>"; };
		DFB5A00619D1A69200522318 /* AppDelegate.h */ = {isa = PBXFileReference; lastKnownFileType = sourcecode.c.h; path = AppDelegate.h; sourceTree = "<group>"; };
		DFB5A00719D1A69200522318 /* AppDelegate.m */ = {isa = PBXFileReference; lastKnownFileType = sourcecode.c.objc; path = AppDelegate.m; sourceTree = "<group>"; };
		DFB5A01019D1A69200522318 /* Base */ = {isa = PBXFileReference; lastKnownFileType = file.storyboard; name = Base; path = Base.lproj/Main.storyboard; sourceTree = "<group>"; };
		DFB5A01219D1A69200522318 /* Images.xcassets */ = {isa = PBXFileReference; lastKnownFileType = folder.assetcatalog; path = Images.xcassets; sourceTree = "<group>"; };
		DFB5A01519D1A69200522318 /* Base */ = {isa = PBXFileReference; lastKnownFileType = file.xib; name = Base; path = Base.lproj/LaunchScreen.xib; sourceTree = "<group>"; };
		DFB5A01B19D1A69200522318 /* JvWanBanTests.xctest */ = {isa = PBXFileReference; explicitFileType = wrapper.cfbundle; includeInIndex = 0; path = JvWanBanTests.xctest; sourceTree = BUILT_PRODUCTS_DIR; };
		DFB5A02019D1A69200522318 /* Info.plist */ = {isa = PBXFileReference; lastKnownFileType = text.plist.xml; path = Info.plist; sourceTree = "<group>"; };
		DFB5A02119D1A69200522318 /* JvWanBanTests.m */ = {isa = PBXFileReference; lastKnownFileType = sourcecode.c.objc; path = JvWanBanTests.m; sourceTree = "<group>"; };
		DFB5A02B19D1AD3500522318 /* SenTestingKit.framework */ = {isa = PBXFileReference; lastKnownFileType = wrapper.framework; name = SenTestingKit.framework; path = Library/Frameworks/SenTestingKit.framework; sourceTree = DEVELOPER_DIR; };
		DFB5A02D19D1B51000522318 /* SettingsViewController.h */ = {isa = PBXFileReference; fileEncoding = 4; lastKnownFileType = sourcecode.c.h; path = SettingsViewController.h; sourceTree = "<group>"; };
		DFB5A02E19D1B51000522318 /* SettingsViewController.m */ = {isa = PBXFileReference; fileEncoding = 4; lastKnownFileType = sourcecode.c.objc; path = SettingsViewController.m; sourceTree = "<group>"; };
/* End PBXFileReference section */

/* Begin PBXFrameworksBuildPhase section */
		DFB59FFC19D1A69200522318 /* Frameworks */ = {
			isa = PBXFrameworksBuildPhase;
			buildActionMask = 2147483647;
			files = (
				3A0979FF1E734836915E4D47 /* libPods.a in Frameworks */,
			);
			runOnlyForDeploymentPostprocessing = 0;
		};
		DFB5A01819D1A69200522318 /* Frameworks */ = {
			isa = PBXFrameworksBuildPhase;
			buildActionMask = 2147483647;
			files = (
			);
			runOnlyForDeploymentPostprocessing = 0;
		};
/* End PBXFrameworksBuildPhase section */

/* Begin PBXGroup section */
		7195A6A543C849A88FE5658C /* Frameworks */ = {
			isa = PBXGroup;
			children = (
				DFB5A02B19D1AD3500522318 /* SenTestingKit.framework */,
				BA26EA46F0614CE882527F37 /* libPods.a */,
			);
			name = Frameworks;
			sourceTree = "<group>";
		};
		DFB59FF619D1A69200522318 = {
			isa = PBXGroup;
			children = (
				DFB5A00119D1A69200522318 /* JvWanBan */,
				DFB5A01E19D1A69200522318 /* JvWanBanTests */,
				DFB5A00019D1A69200522318 /* Products */,
				C09018B231714C7E8A28FFE2 /* Pods.xcconfig */,
				7195A6A543C849A88FE5658C /* Frameworks */,
			);
			sourceTree = "<group>";
		};
		DFB5A00019D1A69200522318 /* Products */ = {
			isa = PBXGroup;
			children = (
				DFB59FFF19D1A69200522318 /* JvWanBan.app */,
				DFB5A01B19D1A69200522318 /* JvWanBanTests.xctest */,
			);
			name = Products;
			sourceTree = "<group>";
		};
		DFB5A00119D1A69200522318 /* JvWanBan */ = {
			isa = PBXGroup;
			children = (
				DFB5A00619D1A69200522318 /* AppDelegate.h */,
				DFB5A00719D1A69200522318 /* AppDelegate.m */,
				DFB5A00F19D1A69200522318 /* Main.storyboard */,
				DFB5A02D19D1B51000522318 /* SettingsViewController.h */,
				DFB5A02E19D1B51000522318 /* SettingsViewController.m */,
				DF62EF8919D1BD5700DC055B /* SettingsNavigationController.h */,
				DF62EF8A19D1BD5700DC055B /* SettingsNavigationController.m */,
				DFB5A01219D1A69200522318 /* Images.xcassets */,
				DFB5A01419D1A69200522318 /* LaunchScreen.xib */,
				DFB5A00219D1A69200522318 /* Supporting Files */,
			);
			path = JvWanBan;
			sourceTree = "<group>";
		};
		DFB5A00219D1A69200522318 /* Supporting Files */ = {
			isa = PBXGroup;
			children = (
				DFB5A00319D1A69200522318 /* Info.plist */,
				DFB5A00419D1A69200522318 /* main.m */,
			);
			name = "Supporting Files";
			sourceTree = "<group>";
		};
		DFB5A01E19D1A69200522318 /* JvWanBanTests */ = {
			isa = PBXGroup;
			children = (
				DFB5A02119D1A69200522318 /* JvWanBanTests.m */,
				DFB5A01F19D1A69200522318 /* Supporting Files */,
			);
			path = JvWanBanTests;
			sourceTree = "<group>";
		};
		DFB5A01F19D1A69200522318 /* Supporting Files */ = {
			isa = PBXGroup;
			children = (
				DFB5A02019D1A69200522318 /* Info.plist */,
			);
			name = "Supporting Files";
			sourceTree = "<group>";
		};
/* End PBXGroup section */

/* Begin PBXNativeTarget section */
		DFB59FFE19D1A69200522318 /* JvWanBan */ = {
			isa = PBXNativeTarget;
			buildConfigurationList = DFB5A02519D1A69200522318 /* Build configuration list for PBXNativeTarget "JvWanBan" */;
			buildPhases = (
				5E0063D4BA1B4BA38802F9A2 /* Check Pods Manifest.lock */,
				DFB59FFB19D1A69200522318 /* Sources */,
				DFB59FFC19D1A69200522318 /* Frameworks */,
				DFB59FFD19D1A69200522318 /* Resources */,
				628D35399A804E2989D2453B /* Copy Pods Resources */,
			);
			buildRules = (
			);
			dependencies = (
			);
			name = JvWanBan;
			productName = JvWanBan;
			productReference = DFB59FFF19D1A69200522318 /* JvWanBan.app */;
			productType = "com.apple.product-type.application";
		};
		DFB5A01A19D1A69200522318 /* JvWanBanTests */ = {
			isa = PBXNativeTarget;
			buildConfigurationList = DFB5A02819D1A69200522318 /* Build configuration list for PBXNativeTarget "JvWanBanTests" */;
			buildPhases = (
				DFB5A01719D1A69200522318 /* Sources */,
				DFB5A01819D1A69200522318 /* Frameworks */,
				DFB5A01919D1A69200522318 /* Resources */,
			);
			buildRules = (
			);
			dependencies = (
				DFB5A01D19D1A69200522318 /* PBXTargetDependency */,
			);
			name = JvWanBanTests;
			productName = JvWanBanTests;
			productReference = DFB5A01B19D1A69200522318 /* JvWanBanTests.xctest */;
			productType = "com.apple.product-type.bundle.unit-test";
		};
/* End PBXNativeTarget section */

/* Begin PBXProject section */
		DFB59FF719D1A69200522318 /* Project object */ = {
			isa = PBXProject;
			attributes = {
				LastUpgradeCheck = 0600;
				ORGANIZATIONNAME = "孙培峰";
				TargetAttributes = {
					DFB59FFE19D1A69200522318 = {
						CreatedOnToolsVersion = 6.0.1;
					};
					DFB5A01A19D1A69200522318 = {
						CreatedOnToolsVersion = 6.0.1;
						TestTargetID = DFB59FFE19D1A69200522318;
					};
				};
			};
			buildConfigurationList = DFB59FFA19D1A69200522318 /* Build configuration list for PBXProject "JvWanBan" */;
			compatibilityVersion = "Xcode 3.2";
			developmentRegion = English;
			hasScannedForEncodings = 0;
			knownRegions = (
				en,
				Base,
			);
			mainGroup = DFB59FF619D1A69200522318;
			productRefGroup = DFB5A00019D1A69200522318 /* Products */;
			projectDirPath = "";
			projectRoot = "";
			targets = (
				DFB59FFE19D1A69200522318 /* JvWanBan */,
				DFB5A01A19D1A69200522318 /* JvWanBanTests */,
			);
		};
/* End PBXProject section */

/* Begin PBXResourcesBuildPhase section */
		DFB59FFD19D1A69200522318 /* Resources */ = {
			isa = PBXResourcesBuildPhase;
			buildActionMask = 2147483647;
			files = (
				DFB5A01119D1A69200522318 /* Main.storyboard in Resources */,
				DFB5A01619D1A69200522318 /* LaunchScreen.xib in Resources */,
				DFB5A01319D1A69200522318 /* Images.xcassets in Resources */,
			);
			runOnlyForDeploymentPostprocessing = 0;
		};
		DFB5A01919D1A69200522318 /* Resources */ = {
			isa = PBXResourcesBuildPhase;
			buildActionMask = 2147483647;
			files = (
			);
			runOnlyForDeploymentPostprocessing = 0;
		};
/* End PBXResourcesBuildPhase section */

/* Begin PBXShellScriptBuildPhase section */
		5E0063D4BA1B4BA38802F9A2 /* Check Pods Manifest.lock */ = {
			isa = PBXShellScriptBuildPhase;
			buildActionMask = 2147483647;
			files = (
			);
			inputPaths = (
			);
			name = "Check Pods Manifest.lock";
			outputPaths = (
			);
			runOnlyForDeploymentPostprocessing = 0;
			shellPath = /bin/sh;
			shellScript = "diff \"${PODS_ROOT}/../Podfile.lock\" \"${PODS_ROOT}/Manifest.lock\" > /dev/null\nif [[ $? != 0 ]] ; then\n    cat << EOM\nerror: The sandbox is not in sync with the Podfile.lock. Run 'pod install' or update your CocoaPods installation.\nEOM\n    exit 1\nfi\n";
			showEnvVarsInLog = 0;
		};
		628D35399A804E2989D2453B /* Copy Pods Resources */ = {
			isa = PBXShellScriptBuildPhase;
			buildActionMask = 2147483647;
			files = (
			);
			inputPaths = (
			);
			name = "Copy Pods Resources";
			outputPaths = (
			);
			runOnlyForDeploymentPostprocessing = 0;
			shellPath = /bin/sh;
			shellScript = "\"${SRCROOT}/Pods/Pods-resources.sh\"\n";
			showEnvVarsInLog = 0;
		};
/* End PBXShellScriptBuildPhase section */

/* Begin PBXSourcesBuildPhase section */
		DFB59FFB19D1A69200522318 /* Sources */ = {
			isa = PBXSourcesBuildPhase;
			buildActionMask = 2147483647;
			files = (
				DFB5A02F19D1B51000522318 /* SettingsViewController.m in Sources */,
				DFB5A00819D1A69200522318 /* AppDelegate.m in Sources */,
				DF62EF8B19D1BD5700DC055B /* SettingsNavigationController.m in Sources */,
				DFB5A00519D1A69200522318 /* main.m in Sources */,
			);
			runOnlyForDeploymentPostprocessing = 0;
		};
		DFB5A01719D1A69200522318 /* Sources */ = {
			isa = PBXSourcesBuildPhase;
			buildActionMask = 2147483647;
			files = (
				DFB5A02219D1A69200522318 /* JvWanBanTests.m in Sources */,
			);
			runOnlyForDeploymentPostprocessing = 0;
		};
/* End PBXSourcesBuildPhase section */

/* Begin PBXTargetDependency section */
		DFB5A01D19D1A69200522318 /* PBXTargetDependency */ = {
			isa = PBXTargetDependency;
			target = DFB59FFE19D1A69200522318 /* JvWanBan */;
			targetProxy = DFB5A01C19D1A69200522318 /* PBXContainerItemProxy */;
		};
/* End PBXTargetDependency section */

/* Begin PBXVariantGroup section */
		DFB5A00F19D1A69200522318 /* Main.storyboard */ = {
			isa = PBXVariantGroup;
			children = (
				DFB5A01019D1A69200522318 /* Base */,
			);
			name = Main.storyboard;
			sourceTree = "<group>";
		};
		DFB5A01419D1A69200522318 /* LaunchScreen.xib */ = {
			isa = PBXVariantGroup;
			children = (
				DFB5A01519D1A69200522318 /* Base */,
			);
			name = LaunchScreen.xib;
			sourceTree = "<group>";
		};
/* End PBXVariantGroup section */

/* Begin XCBuildConfiguration section */
		DFB5A02319D1A69200522318 /* Debug */ = {
			isa = XCBuildConfiguration;
			buildSettings = {
				ALWAYS_SEARCH_USER_PATHS = NO;
				CLANG_CXX_LANGUAGE_STANDARD = "gnu++0x";
				CLANG_CXX_LIBRARY = "libc++";
				CLANG_ENABLE_MODULES = YES;
				CLANG_ENABLE_OBJC_ARC = YES;
				CLANG_WARN_BOOL_CONVERSION = YES;
				CLANG_WARN_CONSTANT_CONVERSION = YES;
				CLANG_WARN_DIRECT_OBJC_ISA_USAGE = YES_ERROR;
				CLANG_WARN_EMPTY_BODY = YES;
				CLANG_WARN_ENUM_CONVERSION = YES;
				CLANG_WARN_INT_CONVERSION = YES;
				CLANG_WARN_OBJC_ROOT_CLASS = YES_ERROR;
				CLANG_WARN_UNREACHABLE_CODE = YES;
				CLANG_WARN__DUPLICATE_METHOD_MATCH = YES;
				"CODE_SIGN_IDENTITY[sdk=iphoneos*]" = "iPhone Developer";
				COPY_PHASE_STRIP = NO;
				ENABLE_STRICT_OBJC_MSGSEND = YES;
				GCC_C_LANGUAGE_STANDARD = gnu99;
				GCC_DYNAMIC_NO_PIC = NO;
				GCC_OPTIMIZATION_LEVEL = 0;
				GCC_PREPROCESSOR_DEFINITIONS = (
					"DEBUG=1",
					"$(inherited)",
				);
				GCC_SYMBOLS_PRIVATE_EXTERN = NO;
				GCC_WARN_64_TO_32_BIT_CONVERSION = YES;
				GCC_WARN_ABOUT_RETURN_TYPE = YES_ERROR;
				GCC_WARN_UNDECLARED_SELECTOR = YES;
				GCC_WARN_UNINITIALIZED_AUTOS = YES_AGGRESSIVE;
				GCC_WARN_UNUSED_FUNCTION = YES;
				GCC_WARN_UNUSED_VARIABLE = YES;
				IPHONEOS_DEPLOYMENT_TARGET = 8.0;
				MTL_ENABLE_DEBUG_INFO = YES;
				ONLY_ACTIVE_ARCH = YES;
				SDKROOT = iphoneos;
				TARGETED_DEVICE_FAMILY = "1,2";
			};
			name = Debug;
		};
		DFB5A02419D1A69200522318 /* Release */ = {
			isa = XCBuildConfiguration;
			buildSettings = {
				ALWAYS_SEARCH_USER_PATHS = NO;
				CLANG_CXX_LANGUAGE_STANDARD = "gnu++0x";
				CLANG_CXX_LIBRARY = "libc++";
				CLANG_ENABLE_MODULES = YES;
				CLANG_ENABLE_OBJC_ARC = YES;
				CLANG_WARN_BOOL_CONVERSION = YES;
				CLANG_WARN_CONSTANT_CONVERSION = YES;
				CLANG_WARN_DIRECT_OBJC_ISA_USAGE = YES_ERROR;
				CLANG_WARN_EMPTY_BODY = YES;
				CLANG_WARN_ENUM_CONVERSION = YES;
				CLANG_WARN_INT_CONVERSION = YES;
				CLANG_WARN_OBJC_ROOT_CLASS = YES_ERROR;
				CLANG_WARN_UNREACHABLE_CODE = YES;
				CLANG_WARN__DUPLICATE_METHOD_MATCH = YES;
				"CODE_SIGN_IDENTITY[sdk=iphoneos*]" = "iPhone Developer";
				COPY_PHASE_STRIP = YES;
				ENABLE_NS_ASSERTIONS = NO;
				ENABLE_STRICT_OBJC_MSGSEND = YES;
				GCC_C_LANGUAGE_STANDARD = gnu99;
				GCC_WARN_64_TO_32_BIT_CONVERSION = YES;
				GCC_WARN_ABOUT_RETURN_TYPE = YES_ERROR;
				GCC_WARN_UNDECLARED_SELECTOR = YES;
				GCC_WARN_UNINITIALIZED_AUTOS = YES_AGGRESSIVE;
				GCC_WARN_UNUSED_FUNCTION = YES;
				GCC_WARN_UNUSED_VARIABLE = YES;
				IPHONEOS_DEPLOYMENT_TARGET = 8.0;
				MTL_ENABLE_DEBUG_INFO = NO;
				SDKROOT = iphoneos;
				TARGETED_DEVICE_FAMILY = "1,2";
				VALIDATE_PRODUCT = YES;
			};
			name = Release;
		};
		DFB5A02619D1A69200522318 /* Debug */ = {
			isa = XCBuildConfiguration;
			baseConfigurationReference = C09018B231714C7E8A28FFE2 /* Pods.xcconfig */;
			buildSettings = {
				ASSETCATALOG_COMPILER_APPICON_NAME = AppIcon;
				CLANG_WARN_ASSIGN_ENUM = YES;
				CLANG_WARN_CXX0X_EXTENSIONS = YES;
				CLANG_WARN_DEPRECATED_OBJC_IMPLEMENTATIONS = YES;
				CLANG_WARN_DOCUMENTATION_COMMENTS = YES;
				CLANG_WARN_IMPLICIT_SIGN_CONVERSION = YES;
				CLANG_WARN_OBJC_EXPLICIT_OWNERSHIP_TYPE = YES;
				CLANG_WARN_OBJC_IMPLICIT_ATOMIC_PROPERTIES = YES;
				CLANG_WARN_OBJC_IMPLICIT_RETAIN_SELF = YES;
				CLANG_WARN_OBJC_MISSING_PROPERTY_SYNTHESIS = YES;
				CLANG_WARN_OBJC_RECEIVER_WEAK = YES;
				CLANG_WARN_OBJC_REPEATED_USE_OF_WEAK = YES;
				CLANG_WARN_SUSPICIOUS_IMPLICIT_CONVERSION = YES;
				CLANG_WARN__EXIT_TIME_DESTRUCTORS = YES;
				FRAMEWORK_SEARCH_PATHS = (
					"$(inherited)",
					"$(DEVELOPER_FRAMEWORKS_DIR)",
					"$(PLATFORM_DIR)/Developer/Library/Frameworks",
				);
				GCC_TREAT_IMPLICIT_FUNCTION_DECLARATIONS_AS_ERRORS = YES;
				GCC_TREAT_INCOMPATIBLE_POINTER_TYPE_WARNINGS_AS_ERRORS = YES;
				GCC_WARN_ABOUT_MISSING_FIELD_INITIALIZERS = YES;
				GCC_WARN_ABOUT_MISSING_NEWLINE = YES;
				GCC_WARN_ABOUT_MISSING_PROTOTYPES = YES;
				GCC_WARN_FOUR_CHARACTER_CONSTANTS = YES;
				GCC_WARN_HIDDEN_VIRTUAL_FUNCTIONS = YES;
				GCC_WARN_INHIBIT_ALL_WARNINGS = NO;
				GCC_WARN_INITIALIZER_NOT_FULLY_BRACKETED = YES;
				GCC_WARN_MULTIPLE_DEFINITION_TYPES_FOR_SELECTOR = YES;
				GCC_WARN_NON_VIRTUAL_DESTRUCTOR = YES;
				GCC_WARN_PEDANTIC = YES;
				GCC_WARN_SHADOW = YES;
				GCC_WARN_SIGN_COMPARE = YES;
				GCC_WARN_STRICT_SELECTOR_MATCH = YES;
				GCC_WARN_UNKNOWN_PRAGMAS = YES;
				GCC_WARN_UNUSED_LABEL = YES;
				GCC_WARN_UNUSED_PARAMETER = YES;
				INFOPLIST_FILE = JvWanBan/Info.plist;
				IPHONEOS_DEPLOYMENT_TARGET = 7.0;
				LD_RUNPATH_SEARCH_PATHS = "$(inherited) @executable_path/Frameworks";
				OTHER_CFLAGS = (
					"-Wall",
					"-Wextra",
					"-Weverything",
				);
				OTHER_LDFLAGS = (
					"-ObjC",
					"-lMobClickLibrary",
					"-licucore",
					"-lz",
					"-framework",
					Accelerate,
					"-framework",
					CFNetwork,
					"-framework",
					CoreGraphics,
					"-framework",
					Foundation,
					"-framework",
					QuartzCore,
					"-framework",
					Reveal,
					"-framework",
					UIKit,
				);
				PRODUCT_NAME = "$(TARGET_NAME)";
			};
			name = Debug;
		};
		DFB5A02719D1A69200522318 /* Release */ = {
			isa = XCBuildConfiguration;
			baseConfigurationReference = C09018B231714C7E8A28FFE2 /* Pods.xcconfig */;
			buildSettings = {
				ASSETCATALOG_COMPILER_APPICON_NAME = AppIcon;
				CLANG_WARN_ASSIGN_ENUM = YES;
				CLANG_WARN_CXX0X_EXTENSIONS = YES;
				CLANG_WARN_DEPRECATED_OBJC_IMPLEMENTATIONS = YES;
				CLANG_WARN_DOCUMENTATION_COMMENTS = YES;
				CLANG_WARN_IMPLICIT_SIGN_CONVERSION = YES;
				CLANG_WARN_OBJC_EXPLICIT_OWNERSHIP_TYPE = YES;
				CLANG_WARN_OBJC_IMPLICIT_ATOMIC_PROPERTIES = YES;
				CLANG_WARN_OBJC_IMPLICIT_RETAIN_SELF = YES;
				CLANG_WARN_OBJC_MISSING_PROPERTY_SYNTHESIS = YES;
				CLANG_WARN_OBJC_RECEIVER_WEAK = YES;
				CLANG_WARN_OBJC_REPEATED_USE_OF_WEAK = YES;
				CLANG_WARN_SUSPICIOUS_IMPLICIT_CONVERSION = YES;
				CLANG_WARN__EXIT_TIME_DESTRUCTORS = YES;
				FRAMEWORK_SEARCH_PATHS = (
					"$(inherited)",
					"$(DEVELOPER_FRAMEWORKS_DIR)",
					"$(PLATFORM_DIR)/Developer/Library/Frameworks",
				);
				GCC_TREAT_IMPLICIT_FUNCTION_DECLARATIONS_AS_ERRORS = YES;
				GCC_TREAT_INCOMPATIBLE_POINTER_TYPE_WARNINGS_AS_ERRORS = YES;
				GCC_WARN_ABOUT_MISSING_FIELD_INITIALIZERS = YES;
				GCC_WARN_ABOUT_MISSING_NEWLINE = YES;
				GCC_WARN_ABOUT_MISSING_PROTOTYPES = YES;
				GCC_WARN_FOUR_CHARACTER_CONSTANTS = YES;
				GCC_WARN_HIDDEN_VIRTUAL_FUNCTIONS = YES;
				GCC_WARN_INHIBIT_ALL_WARNINGS = NO;
				GCC_WARN_INITIALIZER_NOT_FULLY_BRACKETED = YES;
				GCC_WARN_MULTIPLE_DEFINITION_TYPES_FOR_SELECTOR = YES;
				GCC_WARN_NON_VIRTUAL_DESTRUCTOR = YES;
				GCC_WARN_PEDANTIC = YES;
				GCC_WARN_SHADOW = YES;
				GCC_WARN_SIGN_COMPARE = YES;
				GCC_WARN_STRICT_SELECTOR_MATCH = YES;
				GCC_WARN_UNKNOWN_PRAGMAS = YES;
				GCC_WARN_UNUSED_LABEL = YES;
				GCC_WARN_UNUSED_PARAMETER = YES;
				INFOPLIST_FILE = JvWanBan/Info.plist;
				IPHONEOS_DEPLOYMENT_TARGET = 7.0;
				LD_RUNPATH_SEARCH_PATHS = "$(inherited) @executable_path/Frameworks";
				OTHER_CFLAGS = (
					"-Wall",
					"-Wextra",
					"-Weverything",
				);
				OTHER_LDFLAGS = (
					"-ObjC",
					"-lMobClickLibrary",
					"-licucore",
					"-lz",
					"-framework",
					Accelerate,
					"-framework",
					CFNetwork,
					"-framework",
					CoreGraphics,
					"-framework",
					Foundation,
					"-framework",
					QuartzCore,
					"-framework",
					Reveal,
					"-framework",
					UIKit,
				);
				PRODUCT_NAME = "$(TARGET_NAME)";
			};
			name = Release;
		};
		DFB5A02919D1A69200522318 /* Debug */ = {
			isa = XCBuildConfiguration;
			buildSettings = {
				BUNDLE_LOADER = "$(TEST_HOST)";
				FRAMEWORK_SEARCH_PATHS = (
					"$(SDKROOT)/Developer/Library/Frameworks",
					"$(inherited)",
				);
				GCC_PREPROCESSOR_DEFINITIONS = (
					"DEBUG=1",
					"$(inherited)",
				);
				INFOPLIST_FILE = JvWanBanTests/Info.plist;
				LD_RUNPATH_SEARCH_PATHS = "$(inherited) @executable_path/Frameworks @loader_path/Frameworks";
				PRODUCT_NAME = "$(TARGET_NAME)";
				TEST_HOST = "$(BUILT_PRODUCTS_DIR)/JvWanBan.app/JvWanBan";
			};
			name = Debug;
		};
		DFB5A02A19D1A69200522318 /* Release */ = {
			isa = XCBuildConfiguration;
			buildSettings = {
				BUNDLE_LOADER = "$(TEST_HOST)";
				FRAMEWORK_SEARCH_PATHS = (
					"$(SDKROOT)/Developer/Library/Frameworks",
					"$(inherited)",
				);
				INFOPLIST_FILE = JvWanBanTests/Info.plist;
				LD_RUNPATH_SEARCH_PATHS = "$(inherited) @executable_path/Frameworks @loader_path/Frameworks";
				PRODUCT_NAME = "$(TARGET_NAME)";
				TEST_HOST = "$(BUILT_PRODUCTS_DIR)/JvWanBan.app/JvWanBan";
			};
			name = Release;
		};
/* End XCBuildConfiguration section */

/* Begin XCConfigurationList section */
		DFB59FFA19D1A69200522318 /* Build configuration list for PBXProject "JvWanBan" */ = {
			isa = XCConfigurationList;
			buildConfigurations = (
				DFB5A02319D1A69200522318 /* Debug */,
				DFB5A02419D1A69200522318 /* Release */,
			);
			defaultConfigurationIsVisible = 0;
			defaultConfigurationName = Release;
		};
		DFB5A02519D1A69200522318 /* Build configuration list for PBXNativeTarget "JvWanBan" */ = {
			isa = XCConfigurationList;
			buildConfigurations = (
				DFB5A02619D1A69200522318 /* Debug */,
				DFB5A02719D1A69200522318 /* Release */,
			);
			defaultConfigurationIsVisible = 0;
			defaultConfigurationName = Release;
		};
		DFB5A02819D1A69200522318 /* Build configuration list for PBXNativeTarget "JvWanBanTests" */ = {
			isa = XCConfigurationList;
			buildConfigurations = (
				DFB5A02919D1A69200522318 /* Debug */,
				DFB5A02A19D1A69200522318 /* Release */,
			);
			defaultConfigurationIsVisible = 0;
			defaultConfigurationName = Release;
		};
/* End XCConfigurationList section */
	};
	rootObject = DFB59FF719D1A69200522318 /* Project object */;
}
